
Microsoft Visual Studio Solution File, Format Version 12.00
# Visual Studio Version 17
VisualStudioVersion = 17.13.35931.197 d17.13
MinimumVisualStudioVersion = 10.0.40219.1
Project("{FAE04EC0-301F-11D3-BF4B-00C04F79EFBC}") = "GymManagementSystem", "GymManagementSystem\GymManagementSystem.csproj", "{A631AEF7-3924-4CC1-9ADE-EF3E1EA210CE}"
EndProject
Global
	GlobalSection(SolutionConfigurationPlatforms) = preSolution
		Debug|Any CPU = Debug|Any CPU
		Release|Any CPU = Release|Any CPU
	EndGlobalSection
	GlobalSection(ProjectConfigurationPlatforms) = postSolution
		{A631AEF7-3924-4CC1-9ADE-EF3E1EA210CE}.Debug|Any CPU.ActiveCfg = Debug|Any CPU
		{A631AEF7-3924-4CC1-9ADE-EF3E1EA210CE}.Debug|Any CPU.Build.0 = Debug|Any CPU
		{A631AEF7-3924-4CC1-9ADE-EF3E1EA210CE}.Release|Any CPU.ActiveCfg = Release|Any CPU
		{A631AEF7-3924-4CC1-9ADE-EF3E1EA210CE}.Release|Any CPU.Build.0 = Release|Any CPU
	EndGlobalSection
	GlobalSection(SolutionProperties) = preSolution
		HideSolutionNode = FALSE
	EndGlobalSection
	GlobalSection(ExtensibilityGlobals) = postSolution
		SolutionGuid = {8F166743-3320-4FBD-9B3E-0B25AD842F9F}
	EndGlobalSection
EndGlobal
